
Microsoft Visual Studio Solution File, Format Version 11.00
# Visual Studio 2010
Project("{FAE04EC0-301F-11D3-BF4B-00C04F79EFBC}") = "JadWCellUtilityBot", "JadWCellUtilityBot.csproj", "{71213D71-2D6D-4EEA-94DA-26761D1E00AB}"
EndProject
Project("{FAE04EC0-301F-11D3-BF4B-00C04F79EFBC}") = "Squishy.Network", "Dependencies\Squishy.Network\Squishy.Network.csproj", "{86B7C009-4933-40DF-9847-42B32B39FC61}"
EndProject
Project("{FAE04EC0-301F-11D3-BF4B-00C04F79EFBC}") = "Squishy.Irc", "Dependencies\Squishy.Irc\Squishy.Irc.csproj", "{7E1B9148-4616-419E-BA43-0413500D56FB}"
EndProject
Global
	GlobalSection(SolutionConfigurationPlatforms) = preSolution
		Debug|Any CPU = Debug|Any CPU
		Debug|Itanium = Debug|Itanium
		Debug|x64 = Debug|x64
		Debug|x86 = Debug|x86
		Release|Any CPU = Release|Any CPU
		Release|Itanium = Release|Itanium
		Release|x64 = Release|x64
		Release|x86 = Release|x86
	EndGlobalSection
	GlobalSection(ProjectConfigurationPlatforms) = postSolution
		{71213D71-2D6D-4EEA-94DA-26761D1E00AB}.Debug|Any CPU.ActiveCfg = Debug|Any CPU
		{71213D71-2D6D-4EEA-94DA-26761D1E00AB}.Debug|Any CPU.Build.0 = Debug|Any CPU
		{71213D71-2D6D-4EEA-94DA-26761D1E00AB}.Debug|Itanium.ActiveCfg = Debug|Itanium
		{71213D71-2D6D-4EEA-94DA-26761D1E00AB}.Debug|Itanium.Build.0 = Debug|Itanium
		{71213D71-2D6D-4EEA-94DA-26761D1E00AB}.Debug|x64.ActiveCfg = Debug|x64
		{71213D71-2D6D-4EEA-94DA-26761D1E00AB}.Debug|x64.Build.0 = Debug|x64
		{71213D71-2D6D-4EEA-94DA-26761D1E00AB}.Debug|x86.ActiveCfg = Debug|Any CPU
		{71213D71-2D6D-4EEA-94DA-26761D1E00AB}.Debug|x86.Build.0 = Debug|Any CPU
		{71213D71-2D6D-4EEA-94DA-26761D1E00AB}.Release|Any CPU.ActiveCfg = Release|Any CPU
		{71213D71-2D6D-4EEA-94DA-26761D1E00AB}.Release|Any CPU.Build.0 = Release|Any CPU
		{71213D71-2D6D-4EEA-94DA-26761D1E00AB}.Release|Itanium.ActiveCfg = Release|Itanium
		{71213D71-2D6D-4EEA-94DA-26761D1E00AB}.Release|Itanium.Build.0 = Release|Itanium
		{71213D71-2D6D-4EEA-94DA-26761D1E00AB}.Release|x64.ActiveCfg = Release|x64
		{71213D71-2D6D-4EEA-94DA-26761D1E00AB}.Release|x64.Build.0 = Release|x64
		{71213D71-2D6D-4EEA-94DA-26761D1E00AB}.Release|x86.ActiveCfg = Release|Any CPU
		{71213D71-2D6D-4EEA-94DA-26761D1E00AB}.Release|x86.Build.0 = Release|Any CPU
		{86B7C009-4933-40DF-9847-42B32B39FC61}.Debug|Any CPU.ActiveCfg = Debug|Any CPU
		{86B7C009-4933-40DF-9847-42B32B39FC61}.Debug|Any CPU.Build.0 = Debug|Any CPU
		{86B7C009-4933-40DF-9847-42B32B39FC61}.Debug|Itanium.ActiveCfg = Debug|Itanium
		{86B7C009-4933-40DF-9847-42B32B39FC61}.Debug|Itanium.Build.0 = Debug|Itanium
		{86B7C009-4933-40DF-9847-42B32B39FC61}.Debug|x64.ActiveCfg = Debug|x64
		{86B7C009-4933-40DF-9847-42B32B39FC61}.Debug|x64.Build.0 = Debug|x64
		{86B7C009-4933-40DF-9847-42B32B39FC61}.Debug|x86.ActiveCfg = Debug|Any CPU
		{86B7C009-4933-40DF-9847-42B32B39FC61}.Debug|x86.Build.0 = Debug|Any CPU
		{86B7C009-4933-40DF-9847-42B32B39FC61}.Release|Any CPU.ActiveCfg = Release|Any CPU
		{86B7C009-4933-40DF-9847-42B32B39FC61}.Release|Any CPU.Build.0 = Release|Any CPU
		{86B7C009-4933-40DF-9847-42B32B39FC61}.Release|Itanium.ActiveCfg = Release|Itanium
		{86B7C009-4933-40DF-9847-42B32B39FC61}.Release|Itanium.Build.0 = Release|Itanium
		{86B7C009-4933-40DF-9847-42B32B39FC61}.Release|x64.ActiveCfg = Release|x64
		{86B7C009-4933-40DF-9847-42B32B39FC61}.Release|x64.Build.0 = Release|x64
		{86B7C009-4933-40DF-9847-42B32B39FC61}.Release|x86.ActiveCfg = Release|Any CPU
		{86B7C009-4933-40DF-9847-42B32B39FC61}.Release|x86.Build.0 = Release|Any CPU
		{7E1B9148-4616-419E-BA43-0413500D56FB}.Debug|Any CPU.ActiveCfg = Debug|Any CPU
		{7E1B9148-4616-419E-BA43-0413500D56FB}.Debug|Any CPU.Build.0 = Debug|Any CPU
		{7E1B9148-4616-419E-BA43-0413500D56FB}.Debug|Itanium.ActiveCfg = Debug|Itanium
		{7E1B9148-4616-419E-BA43-0413500D56FB}.Debug|Itanium.Build.0 = Debug|Itanium
		{7E1B9148-4616-419E-BA43-0413500D56FB}.Debug|x64.ActiveCfg = Debug|x64
		{7E1B9148-4616-419E-BA43-0413500D56FB}.Debug|x64.Build.0 = Debug|x64
		{7E1B9148-4616-419E-BA43-0413500D56FB}.Debug|x86.ActiveCfg = Debug|Any CPU
		{7E1B9148-4616-419E-BA43-0413500D56FB}.Debug|x86.Build.0 = Debug|Any CPU
		{7E1B9148-4616-419E-BA43-0413500D56FB}.Release|Any CPU.ActiveCfg = Release|Any CPU
		{7E1B9148-4616-419E-BA43-0413500D56FB}.Release|Any CPU.Build.0 = Release|Any CPU
		{7E1B9148-4616-419E-BA43-0413500D56FB}.Release|Itanium.ActiveCfg = Release|Itanium
		{7E1B9148-4616-419E-BA43-0413500D56FB}.Release|Itanium.Build.0 = Release|Itanium
		{7E1B9148-4616-419E-BA43-0413500D56FB}.Release|x64.ActiveCfg = Release|x64
		{7E1B9148-4616-419E-BA43-0413500D56FB}.Release|x64.Build.0 = Release|x64
		{7E1B9148-4616-419E-BA43-0413500D56FB}.Release|x86.ActiveCfg = Release|Any CPU
		{7E1B9148-4616-419E-BA43-0413500D56FB}.Release|x86.Build.0 = Release|Any CPU
	EndGlobalSection
	GlobalSection(SolutionProperties) = preSolution
		HideSolutionNode = FALSE
	EndGlobalSection
EndGlobal
